# THIS IS AN AUTOGENERATED FILE. DO NOT EDIT THIS FILE DIRECTLY.
# yarn lockfile v1


bulma-start@^0.0.3:
  version "0.0.3"
  resolved "https://registry.yarnpkg.com/bulma-start/-/bulma-start-0.0.3.tgz#cca27a954506fe59df137ea676045173aac54894"
  integrity sha512-LJchFdLKUAavS4c8qELN+5FoOicttX8fi1+M2mLZQyf+ru8tcooqQ3j9kdJq1p/FeVyfOLi4vtXP1b3k4tQdtA==
